// !$*UTF8*$!
{
	archiveVersion = 1;
	classes = {
	};
	objectVersion = 50;
	objects = {

/* Begin PBXBuildFile section */
		BC368B0323FC6156000F7DD6 /* AppDelegate.swift in Sources */ = {isa = PBXBuildFile; fileRef = BC368B0223FC6156000F7DD6 /* AppDelegate.swift */; };
		BC368B0523FC6156000F7DD6 /* SceneDelegate.swift in Sources */ = {isa = PBXBuildFile; fileRef = BC368B0423FC6156000F7DD6 /* SceneDelegate.swift */; };
		BC368B0723FC6156000F7DD6 /* ContentView.swift in Sources */ = {isa = PBXBuildFile; fileRef = BC368B0623FC6156000F7DD6 /* ContentView.swift */; };
		BC368B0923FC615C000F7DD6 /* Assets.xcassets in Resources */ = {isa = PBXBuildFile; fileRef = BC368B0823FC615C000F7DD6 /* Assets.xcassets */; };
		BC368B0C23FC615C000F7DD6 /* Preview Assets.xcassets in Resources */ = {isa = PBXBuildFile; fileRef = BC368B0B23FC615C000F7DD6 /* Preview Assets.xcassets */; };
		BC368B0F23FC615D000F7DD6 /* LaunchScreen.storyboard in Resources */ = {isa = PBXBuildFile; fileRef = BC368B0D23FC615D000F7DD6 /* LaunchScreen.storyboard */; };
/* End PBXBuildFile section */

/* Begin PBXFileReference section */
		BC368AFF23FC6156000F7DD6 /* swift_road_map_step_0.app */ = {isa = PBXFileReference; explicitFileType = wrapper.application; includeInIndex = 0; path = swift_road_map_step_0.app; sourceTree = BUILT_PRODUCTS_DIR; };
		BC368B0223FC6156000F7DD6 /* AppDelegate.swift */ = {isa = PBXFileReference; lastKnownFileType = sourcecode.swift; path = AppDelegate.swift; sourceTree = "<group>"; };
		BC368B0423FC6156000F7DD6 /* SceneDelegate.swift */ = {isa = PBXFileReference; lastKnownFileType = sourcecode.swift; path = SceneDelegate.swift; sourceTree = "<group>"; };
		BC368B0623FC6156000F7DD6 /* ContentView.swift */ = {isa = PBXFileReference; lastKnownFileType = sourcecode.swift; path = ContentView.swift; sourceTree = "<group>"; };
		BC368B0823FC615C000F7DD6 /* Assets.xcassets */ = {isa = PBXFileReference; lastKnownFileType = folder.assetcatalog; path = Assets.xcassets; sourceTree = "<group>"; };
		BC368B0B23FC615C000F7DD6 /* Preview Assets.xcassets */ = {isa = PBXFileReference; lastKnownFileType = folder.assetcatalog; path = "Preview Assets.xcassets"; sourceTree = "<group>"; };
		BC368B0E23FC615D000F7DD6 /* Base */ = {isa = PBXFileReference; lastKnownFileType = file.storyboard; name = Base; path = Base.lproj/LaunchScreen.storyboard; sourceTree = "<group>"; };
		BC368B1023FC615D000F7DD6 /* Info.plist */ = {isa = PBXFileReference; lastKnownFileType = text.plist.xml; path = Info.plist; sourceTree = "<group>"; };
/* End PBXFileReference section */

/* Begin PBXFrameworksBuildPhase section */
		BC368AFC23FC6156000F7DD6 /* Frameworks */ = {
			isa = PBXFrameworksBuildPhase;
			buildActionMask = 2147483647;
			files = (
			);
			runOnlyForDeploymentPostprocessing = 0;
		};
/* End PBXFrameworksBuildPhase section */

/* Begin PBXGroup section */
		BC368AF623FC6156000F7DD6 = {
			isa = PBXGroup;
			children = (
				BC368B0123FC6156000F7DD6 /* swift_road_map_step_0 */,
				BC368B0023FC6156000F7DD6 /* Products */,
			);
			sourceTree = "<group>";
		};
		BC368B0023FC6156000F7DD6 /* Products */ = {
			isa = PBXGroup;
			children = (
				BC368AFF23FC6156000F7DD6 /* swift_road_map_step_0.app */,
			);
			name = Products;
			sourceTree = "<group>";
		};
		BC368B0123FC6156000F7DD6 /* swift_road_map_step_0 */ = {
			isa = PBXGroup;
			children = (
				BC368B0223FC6156000F7DD6 /* AppDelegate.swift */,
				BC368B0423FC6156000F7DD6 /* SceneDelegate.swift */,
				BC368B0623FC6156000F7DD6 /* ContentView.swift */,
				BC368B0823FC615C000F7DD6 /* Assets.xcassets */,
				BC368B0D23FC615D000F7DD6 /* LaunchScreen.storyboard */,
				BC368B1023FC615D000F7DD6 /* Info.plist */,
				BC368B0A23FC615C000F7DD6 /* Preview Content */,
			);
			path = swift_road_map_step_0;
			sourceTree = "<group>";
		};
		BC368B0A23FC615C000F7DD6 /* Preview Content */ = {
			isa = PBXGroup;
			children = (
				BC368B0B23FC615C000F7DD6 /* Preview Assets.xcassets */,
			);
			path = "Preview Content";
			sourceTree = "<group>";
		};
/* End PBXGroup section */

/* Begin PBXNativeTarget section */
		BC368AFE23FC6156000F7DD6 /* swift_road_map_step_0 */ = {
			isa = PBXNativeTarget;
			buildConfigurationList = BC368B1323FC615D000F7DD6 /* Build configuration list for PBXNativeTarget "swift_road_map_step_0" */;
			buildPhases = (
				BC368AFB23FC6156000F7DD6 /* Sources */,
				BC368AFC23FC6156000F7DD6 /* Frameworks */,
				BC368AFD23FC6156000F7DD6 /* Resources */,
			);
			buildRules = (
			);
			dependencies = (
			);
			name = swift_road_map_step_0;
			productName = swift_road_map_step_0;
			productReference = BC368AFF23FC6156000F7DD6 /* swift_road_map_step_0.app */;
			productType = "com.apple.product-type.application";
		};
/* End PBXNativeTarget section */

/* Begin PBXProject section */
		BC368AF723FC6156000F7DD6 /* Project object */ = {
			isa = PBXProject;
			attributes = {
				LastSwiftUpdateCheck = 1120;
				LastUpgradeCheck = 1120;
				ORGANIZATIONNAME = "Quliyev Vagif";
				TargetAttributes = {
					BC368AFE23FC6156000F7DD6 = {
						CreatedOnToolsVersion = 11.2.1;
					};
				};
			};
			buildConfigurationList = BC368AFA23FC6156000F7DD6 /* Build configuration list for PBXProject "swift_road_map_step_0" */;
			compatibilityVersion = "Xcode 9.3";
			developmentRegion = en;
			hasScannedForEncodings = 0;
			knownRegions = (
				en,
				Base,
			);
			mainGroup = BC368AF623FC6156000F7DD6;
			productRefGroup = BC368B0023FC6156000F7DD6 /* Products */;
			projectDirPath = "";
			projectRoot = "";
			targets = (
				BC368AFE23FC6156000F7DD6 /* swift_road_map_step_0 */,
			);
		};
/* End PBXProject section */

/* Begin PBXResourcesBuildPhase section */
		BC368AFD23FC6156000F7DD6 /* Resources */ = {
			isa = PBXResourcesBuildPhase;
			buildActionMask = 2147483647;
			files = (
				BC368B0F23FC615D000F7DD6 /* LaunchScreen.storyboard in Resources */,
				BC368B0C23FC615C000F7DD6 /* Preview Assets.xcassets in Resources */,
				BC368B0923FC615C000F7DD6 /* Assets.xcassets in Resources */,
			);
			runOnlyForDeploymentPostprocessing = 0;
		};
/* End PBXResourcesBuildPhase section */

/* Begin PBXSourcesBuildPhase section */
		BC368AFB23FC6156000F7DD6 /* Sources */ = {
			isa = PBXSourcesBuildPhase;
			buildActionMask = 2147483647;
			files = (
				BC368B0323FC6156000F7DD6 /* AppDelegate.swift in Sources */,
				BC368B0523FC6156000F7DD6 /* SceneDelegate.swift in Sources */,
				BC368B0723FC6156000F7DD6 /* ContentView.swift in Sources */,
			);
			runOnlyForDeploymentPostprocessing = 0;
		};
/* End PBXSourcesBuildPhase section */

/* Begin PBXVariantGroup section */
		BC368B0D23FC615D000F7DD6 /* LaunchScreen.storyboard */ = {
			isa = PBXVariantGroup;
			children = (
				BC368B0E23FC615D000F7DD6 /* Base */,
			);
			name = LaunchScreen.storyboard;
			sourceTree = "<group>";
		};
/* End PBXVariantGroup section */

/* Begin XCBuildConfiguration section */
		BC368B1123FC615D000F7DD6 /* Debug */ = {
			isa = XCBuildConfiguration;
			buildSettings = {
				ALWAYS_SEARCH_USER_PATHS = NO;
				CLANG_ANALYZER_NONNULL = YES;
				CLANG_ANALYZER_NUMBER_OBJECT_CONVERSION = YES_AGGRESSIVE;
				CLANG_CXX_LANGUAGE_STANDARD = "gnu++14";
				CLANG_CXX_LIBRARY = "libc++";
				CLANG_ENABLE_MODULES = YES;
				CLANG_ENABLE_OBJC_ARC = YES;
				CLANG_ENABLE_OBJC_WEAK = YES;
				CLANG_WARN_BLOCK_CAPTURE_AUTORELEASING = YES;
				CLANG_WARN_BOOL_CONVERSION = YES;
				CLANG_WARN_COMMA = YES;
				CLANG_WARN_CONSTANT_CONVERSION = YES;
				CLANG_WARN_DEPRECATED_OBJC_IMPLEMENTATIONS = YES;
				CLANG_WARN_DIRECT_OBJC_ISA_USAGE = YES_ERROR;
				CLANG_WARN_DOCUMENTATION_COMMENTS = YES;
				CLANG_WARN_EMPTY_BODY = YES;
				CLANG_WARN_ENUM_CONVERSION = YES;
				CLANG_WARN_INFINITE_RECURSION = YES;
				CLANG_WARN_INT_CONVERSION = YES;
				CLANG_WARN_NON_LITERAL_NULL_CONVERSION = YES;
				CLANG_WARN_OBJC_IMPLICIT_RETAIN_SELF = YES;
				CLANG_WARN_OBJC_LITERAL_CONVERSION = YES;
				CLANG_WARN_OBJC_ROOT_CLASS = YES_ERROR;
				CLANG_WARN_RANGE_LOOP_ANALYSIS = YES;
				CLANG_WARN_STRICT_PROTOTYPES = YES;
				CLANG_WARN_SUSPICIOUS_MOVE = YES;
				CLANG_WARN_UNGUARDED_AVAILABILITY = YES_AGGRESSIVE;
				CLANG_WARN_UNREACHABLE_CODE = YES;
				CLANG_WARN__DUPLICATE_METHOD_MATCH = YES;
				COPY_PHASE_STRIP = NO;
				DEBUG_INFORMATION_FORMAT = dwarf;
				ENABLE_STRICT_OBJC_MSGSEND = YES;
				ENABLE_TESTABILITY = YES;
				GCC_C_LANGUAGE_STANDARD = gnu11;
				GCC_DYNAMIC_NO_PIC = NO;
				GCC_NO_COMMON_BLOCKS = YES;
				GCC_OPTIMIZATION_LEVEL = 0;
				GCC_PREPROCESSOR_DEFINITIONS = (
					"DEBUG=1",
					"$(inherited)",
				);
				GCC_WARN_64_TO_32_BIT_CONVERSION = YES;
				GCC_WARN_ABOUT_RETURN_TYPE = YES_ERROR;
				GCC_WARN_UNDECLARED_SELECTOR = YES;
				GCC_WARN_UNINITIALIZED_AUTOS = YES_AGGRESSIVE;
				GCC_WARN_UNUSED_FUNCTION = YES;
				GCC_WARN_UNUSED_VARIABLE = YES;
				IPHONEOS_DEPLOYMENT_TARGET = 13.2;
				MTL_ENABLE_DEBUG_INFO = INCLUDE_SOURCE;
				MTL_FAST_MATH = YES;
				ONLY_ACTIVE_ARCH = YES;
				SDKROOT = iphoneos;
				SWIFT_ACTIVE_COMPILATION_CONDITIONS = DEBUG;
				SWIFT_OPTIMIZATION_LEVEL = "-Onone";
			};
			name = Debug;
		};
		BC368B1223FC615D000F7DD6 /* Release */ = {
			isa = XCBuildConfiguration;
			buildSettings = {
				ALWAYS_SEARCH_USER_PATHS = NO;
				CLANG_ANALYZER_NONNULL = YES;
				CLANG_ANALYZER_NUMBER_OBJECT_CONVERSION = YES_AGGRESSIVE;
				CLANG_CXX_LANGUAGE_STANDARD = "gnu++14";
				CLANG_CXX_LIBRARY = "libc++";
				CLANG_ENABLE_MODULES = YES;
				CLANG_ENABLE_OBJC_ARC = YES;
				CLANG_ENABLE_OBJC_WEAK = YES;
				CLANG_WARN_BLOCK_CAPTURE_AUTORELEASING = YES;
				CLANG_WARN_BOOL_CONVERSION = YES;
				CLANG_WARN_COMMA = YES;
				CLANG_WARN_CONSTANT_CONVERSION = YES;
				CLANG_WARN_DEPRECATED_OBJC_IMPLEMENTATIONS = YES;
				CLANG_WARN_DIRECT_OBJC_ISA_USAGE = YES_ERROR;
				CLANG_WARN_DOCUMENTATION_COMMENTS = YES;
				CLANG_WARN_EMPTY_BODY = YES;
				CLANG_WARN_ENUM_CONVERSION = YES;
				CLANG_WARN_INFINITE_RECURSION = YES;
				CLANG_WARN_INT_CONVERSION = YES;
				CLANG_WARN_NON_LITERAL_NULL_CONVERSION = YES;
				CLANG_WARN_OBJC_IMPLICIT_RETAIN_SELF = YES;
				CLANG_WARN_OBJC_LITERAL_CONVERSION = YES;
				CLANG_WARN_OBJC_ROOT_CLASS = YES_ERROR;
				CLANG_WARN_RANGE_LOOP_ANALYSIS = YES;
				CLANG_WARN_STRICT_PROTOTYPES = YES;
				CLANG_WARN_SUSPICIOUS_MOVE = YES;
				CLANG_WARN_UNGUARDED_AVAILABILITY = YES_AGGRESSIVE;
				CLANG_WARN_UNREACHABLE_CODE = YES;
				CLANG_WARN__DUPLICATE_METHOD_MATCH = YES;
				COPY_PHASE_STRIP = NO;
				DEBUG_INFORMATION_FORMAT = "dwarf-with-dsym";
				ENABLE_NS_ASSERTIONS = NO;
				ENABLE_STRICT_OBJC_MSGSEND = YES;
				GCC_C_LANGUAGE_STANDARD = gnu11;
				GCC_NO_COMMON_BLOCKS = YES;
				GCC_WARN_64_TO_32_BIT_CONVERSION = YES;
				GCC_WARN_ABOUT_RETURN_TYPE = YES_ERROR;
				GCC_WARN_UNDECLARED_SELECTOR = YES;
				GCC_WARN_UNINITIALIZED_AUTOS = YES_AGGRESSIVE;
				GCC_WARN_UNUSED_FUNCTION = YES;
				GCC_WARN_UNUSED_VARIABLE = YES;
				IPHONEOS_DEPLOYMENT_TARGET = 13.2;
				MTL_ENABLE_DEBUG_INFO = NO;
				MTL_FAST_MATH = YES;
				SDKROOT = iphoneos;
				SWIFT_COMPILATION_MODE = wholemodule;
				SWIFT_OPTIMIZATION_LEVEL = "-O";
				VALIDATE_PRODUCT = YES;
			};
			name = Release;
		};
		BC368B1423FC615D000F7DD6 /* Debug */ = {
			isa = XCBuildConfiguration;
			buildSettings = {
				ASSETCATALOG_COMPILER_APPICON_NAME = AppIcon;
				CODE_SIGN_STYLE = Automatic;
				DEVELOPMENT_ASSET_PATHS = "\"swift_road_map_step_0/Preview Content\"";
				DEVELOPMENT_TEAM = 2RHR9L7SDD;
				ENABLE_PREVIEWS = YES;
				INFOPLIST_FILE = swift_road_map_step_0/Info.plist;
				LD_RUNPATH_SEARCH_PATHS = (
					"$(inherited)",
					"@executable_path/Frameworks",
				);
				PRODUCT_BUNDLE_IDENTIFIER = "com.vaqifguliyev.swift-road-map-step-0";
				PRODUCT_NAME = "$(TARGET_NAME)";
				SWIFT_VERSION = 5.0;
				TARGETED_DEVICE_FAMILY = "1,2";
			};
			name = Debug;
		};
		BC368B1523FC615D000F7DD6 /* Release */ = {
			isa = XCBuildConfiguration;
			buildSettings = {
				ASSETCATALOG_COMPILER_APPICON_NAME = AppIcon;
				CODE_SIGN_STYLE = Automatic;
				DEVELOPMENT_ASSET_PATHS = "\"swift_road_map_step_0/Preview Content\"";
				DEVELOPMENT_TEAM = 2RHR9L7SDD;
				ENABLE_PREVIEWS = YES;
				INFOPLIST_FILE = swift_road_map_step_0/Info.plist;
				LD_RUNPATH_SEARCH_PATHS = (
					"$(inherited)",
					"@executable_path/Frameworks",
				);
				PRODUCT_BUNDLE_IDENTIFIER = "com.vaqifguliyev.swift-road-map-step-0";
				PRODUCT_NAME = "$(TARGET_NAME)";
				SWIFT_VERSION = 5.0;
				TARGETED_DEVICE_FAMILY = "1,2";
			};
			name = Release;
		};
/* End XCBuildConfiguration section */

/* Begin XCConfigurationList section */
		BC368AFA23FC6156000F7DD6 /* Build configuration list for PBXProject "swift_road_map_step_0" */ = {
			isa = XCConfigurationList;
			buildConfigurations = (
				BC368B1123FC615D000F7DD6 /* Debug */,
				BC368B1223FC615D000F7DD6 /* Release */,
			);
			defaultConfigurationIsVisible = 0;
			defaultConfigurationName = Release;
		};
		BC368B1323FC615D000F7DD6 /* Build configuration list for PBXNativeTarget "swift_road_map_step_0" */ = {
			isa = XCConfigurationList;
			buildConfigurations = (
				BC368B1423FC615D000F7DD6 /* Debug */,
				BC368B1523FC615D000F7DD6 /* Release */,
			);
			defaultConfigurationIsVisible = 0;
			defaultConfigurationName = Release;
		};
/* End XCConfigurationList section */
	};
	rootObject = BC368AF723FC6156000F7DD6 /* Project object */;
}
